// !$*UTF8*$!
{
	archiveVersion = 1;
	classes = {
	};
	objectVersion = 46;
	objects = {

/* Begin PBXBuildFile section */
		0A0D580D1CA3663F005B37EB /* Recipe.swift in Sources */ = {isa = PBXBuildFile; fileRef = 0A0D580C1CA3663F005B37EB /* Recipe.swift */; };
		0A0D58101CA47A3E005B37EB /* RecipeCell.swift in Sources */ = {isa = PBXBuildFile; fileRef = 0A0D580F1CA47A3E005B37EB /* RecipeCell.swift */; };
		0A4089081C9A098400C833FD /* LoginViewController.swift in Sources */ = {isa = PBXBuildFile; fileRef = 0A4089071C9A098400C833FD /* LoginViewController.swift */; };
		0A5313641CAB381700899621 /* ParseHelper.swift in Sources */ = {isa = PBXBuildFile; fileRef = 0A5313631CAB381700899621 /* ParseHelper.swift */; };
		0A6F10C11CC4594100D71378 /* TabBarViewController.swift in Sources */ = {isa = PBXBuildFile; fileRef = 0A6F10C01CC4594100D71378 /* TabBarViewController.swift */; };
		0A6F10C31CC4595C00D71378 /* RecipeViewController.swift in Sources */ = {isa = PBXBuildFile; fileRef = 0A6F10C21CC4595C00D71378 /* RecipeViewController.swift */; };
		0A6F10C51CC4596900D71378 /* FiltersTableViewController.swift in Sources */ = {isa = PBXBuildFile; fileRef = 0A6F10C41CC4596900D71378 /* FiltersTableViewController.swift */; };
		0A6F10C91CC45B2A00D71378 /* Recipes.storyboard in Resources */ = {isa = PBXBuildFile; fileRef = 0A6F10C81CC45B2A00D71378 /* Recipes.storyboard */; };
		0A90C1FB1CAB056C006EB275 /* ChallengeViewController.swift in Sources */ = {isa = PBXBuildFile; fileRef = 0A90C1FA1CAB056C006EB275 /* ChallengeViewController.swift */; };
		0A90C1FE1CAB05F8006EB275 /* ChallengeCell.swift in Sources */ = {isa = PBXBuildFile; fileRef = 0A90C1FD1CAB05F8006EB275 /* ChallengeCell.swift */; };
		0A90C2001CAB0661006EB275 /* Challenge.swift in Sources */ = {isa = PBXBuildFile; fileRef = 0A90C1FF1CAB0661006EB275 /* Challenge.swift */; };
		0A90C2021CAB0AFA006EB275 /* ChallengeDetailViewController.swift in Sources */ = {isa = PBXBuildFile; fileRef = 0A90C2011CAB0AFA006EB275 /* ChallengeDetailViewController.swift */; };
		0AEE87901CAB425400390692 /* Main.storyboard in Resources */ = {isa = PBXBuildFile; fileRef = 0AEE878F1CAB425400390692 /* Main.storyboard */; };
		0AEE87941CAB463900390692 /* AddChallengeViewController.swift in Sources */ = {isa = PBXBuildFile; fileRef = 0AEE87931CAB463900390692 /* AddChallengeViewController.swift */; };
		2A1AB5871CB330D600F29479 /* EditProfileViewController.swift in Sources */ = {isa = PBXBuildFile; fileRef = 2A1AB5861CB330D600F29479 /* EditProfileViewController.swift */; };
		2A55292E1CA2090F00FF70F7 /* RecipeDetailViewController.swift in Sources */ = {isa = PBXBuildFile; fileRef = 2A55292D1CA2090F00FF70F7 /* RecipeDetailViewController.swift */; };
		2A572C7F1CAB576000B0E0EB /* ProfileCell.swift in Sources */ = {isa = PBXBuildFile; fileRef = 2A572C7E1CAB576000B0E0EB /* ProfileCell.swift */; };
		2A596E6B1C98D093006021CE /* AppDelegate.swift in Sources */ = {isa = PBXBuildFile; fileRef = 2A596E6A1C98D093006021CE /* AppDelegate.swift */; };
		2A596E721C98D093006021CE /* Assets.xcassets in Resources */ = {isa = PBXBuildFile; fileRef = 2A596E711C98D093006021CE /* Assets.xcassets */; };
		2A596E751C98D093006021CE /* LaunchScreen.storyboard in Resources */ = {isa = PBXBuildFile; fileRef = 2A596E731C98D093006021CE /* LaunchScreen.storyboard */; };
		2AC5C52C1CC56C2800DCC91E /* PostersProfileViewController.swift in Sources */ = {isa = PBXBuildFile; fileRef = 2AC5C52B1CC56C2700DCC91E /* PostersProfileViewController.swift */; };
		450BB31A1CA218B7001DC54A /* ProfileViewController.swift in Sources */ = {isa = PBXBuildFile; fileRef = 450BB3191CA218B6001DC54A /* ProfileViewController.swift */; };
		451C4E891CAC27FD00FFD4AD /* Post.swift in Sources */ = {isa = PBXBuildFile; fileRef = 451C4E881CAC27FD00FFD4AD /* Post.swift */; };
		4553D7181CAE535F00F9361E /* FavoriteCell.swift in Sources */ = {isa = PBXBuildFile; fileRef = 4553D7171CAE535F00F9361E /* FavoriteCell.swift */; };
		4553D71A1CAE53A800F9361E /* FavoriteViewController.swift in Sources */ = {isa = PBXBuildFile; fileRef = 4553D7191CAE53A800F9361E /* FavoriteViewController.swift */; };
		455F550A1CC2E9DE00018D48 /* Profile.storyboard in Resources */ = {isa = PBXBuildFile; fileRef = 455F55091CC2E9DE00018D48 /* Profile.storyboard */; };
		455F550E1CC2EC1D00018D48 /* Challenge.storyboard in Resources */ = {isa = PBXBuildFile; fileRef = 455F550D1CC2EC1D00018D48 /* Challenge.storyboard */; };
		455F55101CC2ECC900018D48 /* Favorite.storyboard in Resources */ = {isa = PBXBuildFile; fileRef = 455F550F1CC2ECC900018D48 /* Favorite.storyboard */; };
		45B607011CC412A300C1AE17 /* CollectionCell.swift in Sources */ = {isa = PBXBuildFile; fileRef = 45B607001CC412A300C1AE17 /* CollectionCell.swift */; };
		45E556811CA37C35006CBC1A /* AddRecipeViewController.swift in Sources */ = {isa = PBXBuildFile; fileRef = 45E556801CA37C35006CBC1A /* AddRecipeViewController.swift */; };
		977F162F35A68AF318833F2E /* Pods_Recipes.framework in Frameworks */ = {isa = PBXBuildFile; fileRef = 5BD9A5878C0D5B80AE3EDF7D /* Pods_Recipes.framework */; };
/* End PBXBuildFile section */

/* Begin PBXFileReference section */
		0A0D580C1CA3663F005B37EB /* Recipe.swift */ = {isa = PBXFileReference; fileEncoding = 4; lastKnownFileType = sourcecode.swift; path = Recipe.swift; sourceTree = "<group>"; };
		0A0D580F1CA47A3E005B37EB /* RecipeCell.swift */ = {isa = PBXFileReference; fileEncoding = 4; lastKnownFileType = sourcecode.swift; path = RecipeCell.swift; sourceTree = "<group>"; };
		0A4089071C9A098400C833FD /* LoginViewController.swift */ = {isa = PBXFileReference; fileEncoding = 4; lastKnownFileType = sourcecode.swift; path = LoginViewController.swift; sourceTree = "<group>"; };
		0A5313631CAB381700899621 /* ParseHelper.swift */ = {isa = PBXFileReference; fileEncoding = 4; lastKnownFileType = sourcecode.swift; path = ParseHelper.swift; sourceTree = "<group>"; };
		0A6F10C01CC4594100D71378 /* TabBarViewController.swift */ = {isa = PBXFileReference; fileEncoding = 4; lastKnownFileType = sourcecode.swift; path = TabBarViewController.swift; sourceTree = "<group>"; };
		0A6F10C21CC4595C00D71378 /* RecipeViewController.swift */ = {isa = PBXFileReference; fileEncoding = 4; lastKnownFileType = sourcecode.swift; path = RecipeViewController.swift; sourceTree = "<group>"; };
		0A6F10C41CC4596900D71378 /* FiltersTableViewController.swift */ = {isa = PBXFileReference; fileEncoding = 4; lastKnownFileType = sourcecode.swift; path = FiltersTableViewController.swift; sourceTree = "<group>"; };
		0A6F10C81CC45B2A00D71378 /* Recipes.storyboard */ = {isa = PBXFileReference; fileEncoding = 4; lastKnownFileType = file.storyboard; path = Recipes.storyboard; sourceTree = "<group>"; };
		0A90C1FA1CAB056C006EB275 /* ChallengeViewController.swift */ = {isa = PBXFileReference; fileEncoding = 4; lastKnownFileType = sourcecode.swift; path = ChallengeViewController.swift; sourceTree = "<group>"; };
		0A90C1FD1CAB05F8006EB275 /* ChallengeCell.swift */ = {isa = PBXFileReference; fileEncoding = 4; lastKnownFileType = sourcecode.swift; path = ChallengeCell.swift; sourceTree = "<group>"; };
		0A90C1FF1CAB0661006EB275 /* Challenge.swift */ = {isa = PBXFileReference; fileEncoding = 4; lastKnownFileType = sourcecode.swift; path = Challenge.swift; sourceTree = "<group>"; };
		0A90C2011CAB0AFA006EB275 /* ChallengeDetailViewController.swift */ = {isa = PBXFileReference; fileEncoding = 4; lastKnownFileType = sourcecode.swift; path = ChallengeDetailViewController.swift; sourceTree = "<group>"; };
		0AEE878F1CAB425400390692 /* Main.storyboard */ = {isa = PBXFileReference; fileEncoding = 4; lastKnownFileType = file.storyboard; path = Main.storyboard; sourceTree = "<group>"; };
		0AEE87931CAB463900390692 /* AddChallengeViewController.swift */ = {isa = PBXFileReference; fileEncoding = 4; lastKnownFileType = sourcecode.swift; path = AddChallengeViewController.swift; sourceTree = "<group>"; };
		2A1AB5861CB330D600F29479 /* EditProfileViewController.swift */ = {isa = PBXFileReference; fileEncoding = 4; lastKnownFileType = sourcecode.swift; path = EditProfileViewController.swift; sourceTree = "<group>"; };
		2A55292D1CA2090F00FF70F7 /* RecipeDetailViewController.swift */ = {isa = PBXFileReference; fileEncoding = 4; lastKnownFileType = sourcecode.swift; path = RecipeDetailViewController.swift; sourceTree = "<group>"; };
		2A572C7E1CAB576000B0E0EB /* ProfileCell.swift */ = {isa = PBXFileReference; fileEncoding = 4; lastKnownFileType = sourcecode.swift; path = ProfileCell.swift; sourceTree = "<group>"; };
		2A596E671C98D093006021CE /* Recipes.app */ = {isa = PBXFileReference; explicitFileType = wrapper.application; includeInIndex = 0; path = Recipes.app; sourceTree = BUILT_PRODUCTS_DIR; };
		2A596E6A1C98D093006021CE /* AppDelegate.swift */ = {isa = PBXFileReference; lastKnownFileType = sourcecode.swift; path = AppDelegate.swift; sourceTree = "<group>"; };
		2A596E711C98D093006021CE /* Assets.xcassets */ = {isa = PBXFileReference; lastKnownFileType = folder.assetcatalog; path = Assets.xcassets; sourceTree = "<group>"; };
		2A596E741C98D093006021CE /* Base */ = {isa = PBXFileReference; lastKnownFileType = file.storyboard; name = Base; path = Base.lproj/LaunchScreen.storyboard; sourceTree = "<group>"; };
		2A596E761C98D093006021CE /* Info.plist */ = {isa = PBXFileReference; lastKnownFileType = text.plist.xml; path = Info.plist; sourceTree = "<group>"; };
		2AC5C52B1CC56C2700DCC91E /* PostersProfileViewController.swift */ = {isa = PBXFileReference; fileEncoding = 4; lastKnownFileType = sourcecode.swift; path = PostersProfileViewController.swift; sourceTree = "<group>"; };
		450BB3191CA218B6001DC54A /* ProfileViewController.swift */ = {isa = PBXFileReference; fileEncoding = 4; lastKnownFileType = sourcecode.swift; path = ProfileViewController.swift; sourceTree = "<group>"; };
		451C4E881CAC27FD00FFD4AD /* Post.swift */ = {isa = PBXFileReference; fileEncoding = 4; lastKnownFileType = sourcecode.swift; path = Post.swift; sourceTree = "<group>"; };
		4553D7171CAE535F00F9361E /* FavoriteCell.swift */ = {isa = PBXFileReference; fileEncoding = 4; lastKnownFileType = sourcecode.swift; path = FavoriteCell.swift; sourceTree = "<group>"; };
		4553D7191CAE53A800F9361E /* FavoriteViewController.swift */ = {isa = PBXFileReference; fileEncoding = 4; lastKnownFileType = sourcecode.swift; path = FavoriteViewController.swift; sourceTree = "<group>"; };
		455F55091CC2E9DE00018D48 /* Profile.storyboard */ = {isa = PBXFileReference; fileEncoding = 4; lastKnownFileType = file.storyboard; path = Profile.storyboard; sourceTree = "<group>"; };
		455F550D1CC2EC1D00018D48 /* Challenge.storyboard */ = {isa = PBXFileReference; fileEncoding = 4; lastKnownFileType = file.storyboard; path = Challenge.storyboard; sourceTree = "<group>"; };
		455F550F1CC2ECC900018D48 /* Favorite.storyboard */ = {isa = PBXFileReference; fileEncoding = 4; lastKnownFileType = file.storyboard; path = Favorite.storyboard; sourceTree = "<group>"; };
		458FA3514571608031B55467 /* Pods-Recipes.release.xcconfig */ = {isa = PBXFileReference; includeInIndex = 1; lastKnownFileType = text.xcconfig; name = "Pods-Recipes.release.xcconfig"; path = "Pods/Target Support Files/Pods-Recipes/Pods-Recipes.release.xcconfig"; sourceTree = "<group>"; };
		45B607001CC412A300C1AE17 /* CollectionCell.swift */ = {isa = PBXFileReference; fileEncoding = 4; lastKnownFileType = sourcecode.swift; path = CollectionCell.swift; sourceTree = "<group>"; };
		45E556801CA37C35006CBC1A /* AddRecipeViewController.swift */ = {isa = PBXFileReference; fileEncoding = 4; lastKnownFileType = sourcecode.swift; path = AddRecipeViewController.swift; sourceTree = "<group>"; };
		5BD9A5878C0D5B80AE3EDF7D /* Pods_Recipes.framework */ = {isa = PBXFileReference; explicitFileType = wrapper.framework; includeInIndex = 0; path = Pods_Recipes.framework; sourceTree = BUILT_PRODUCTS_DIR; };
		86C4BA82C0736195F916DCAD /* Pods-Recipes.debug.xcconfig */ = {isa = PBXFileReference; includeInIndex = 1; lastKnownFileType = text.xcconfig; name = "Pods-Recipes.debug.xcconfig"; path = "Pods/Target Support Files/Pods-Recipes/Pods-Recipes.debug.xcconfig"; sourceTree = "<group>"; };
/* End PBXFileReference section */

/* Begin PBXFrameworksBuildPhase section */
		2A596E641C98D092006021CE /* Frameworks */ = {
			isa = PBXFrameworksBuildPhase;
			buildActionMask = 2147483647;
			files = (
				977F162F35A68AF318833F2E /* Pods_Recipes.framework in Frameworks */,
			);
			runOnlyForDeploymentPostprocessing = 0;
		};
/* End PBXFrameworksBuildPhase section */

/* Begin PBXGroup section */
		0A4089091C9A0B6B00C833FD /* Models */ = {
			isa = PBXGroup;
			children = (
				0A0D580C1CA3663F005B37EB /* Recipe.swift */,
				0A90C1FF1CAB0661006EB275 /* Challenge.swift */,
				0A5313631CAB381700899621 /* ParseHelper.swift */,
				451C4E881CAC27FD00FFD4AD /* Post.swift */,
			);
			name = Models;
			sourceTree = "<group>";
		};
		0A90C1FC1CAB05CC006EB275 /* Table Cells */ = {
			isa = PBXGroup;
			children = (
				0A0D580F1CA47A3E005B37EB /* RecipeCell.swift */,
				0A90C1FD1CAB05F8006EB275 /* ChallengeCell.swift */,
				2A572C7E1CAB576000B0E0EB /* ProfileCell.swift */,
				4553D7171CAE535F00F9361E /* FavoriteCell.swift */,
				45B607001CC412A300C1AE17 /* CollectionCell.swift */,
			);
			name = "Table Cells";
			sourceTree = "<group>";
		};
		0AE2F50A1CB1BEE1006FB97A /* Support */ = {
			isa = PBXGroup;
			children = (
			);
			name = Support;
			sourceTree = "<group>";
		};
		2A596E5E1C98D092006021CE = {
			isa = PBXGroup;
			children = (
				2A596E691C98D093006021CE /* Recipes */,
				2A596E681C98D093006021CE /* Products */,
				303F1326F06A57A3D7B77B66 /* Pods */,
				3A2411DEC22AB631AC3AD038 /* Frameworks */,
			);
			sourceTree = "<group>";
		};
		2A596E681C98D093006021CE /* Products */ = {
			isa = PBXGroup;
			children = (
				2A596E671C98D093006021CE /* Recipes.app */,
			);
			name = Products;
			sourceTree = "<group>";
		};
		2A596E691C98D093006021CE /* Recipes */ = {
			isa = PBXGroup;
			children = (
				0AE2F50A1CB1BEE1006FB97A /* Support */,
				0A90C1FC1CAB05CC006EB275 /* Table Cells */,
				0A4089091C9A0B6B00C833FD /* Models */,
				2A596E7C1C98D83D006021CE /* View Controllers */,
				2A596E6A1C98D093006021CE /* AppDelegate.swift */,
				2A596E711C98D093006021CE /* Assets.xcassets */,
				0AEE878F1CAB425400390692 /* Main.storyboard */,
				455F55091CC2E9DE00018D48 /* Profile.storyboard */,
				0A6F10C81CC45B2A00D71378 /* Recipes.storyboard */,
				455F550D1CC2EC1D00018D48 /* Challenge.storyboard */,
				455F550F1CC2ECC900018D48 /* Favorite.storyboard */,
				2A596E731C98D093006021CE /* LaunchScreen.storyboard */,
				2A596E761C98D093006021CE /* Info.plist */,
			);
			path = Recipes;
			sourceTree = "<group>";
		};
		2A596E7C1C98D83D006021CE /* View Controllers */ = {
			isa = PBXGroup;
			children = (
				0A4089071C9A098400C833FD /* LoginViewController.swift */,
				0A6F10C01CC4594100D71378 /* TabBarViewController.swift */,
				45C99F131CC532250021AA3A /* Profile */,
				45C99F141CC5323C0021AA3A /* Recipe */,
				45C99F151CC532490021AA3A /* Challenge */,
				45C99F161CC532500021AA3A /* Favorite */,
			);
			name = "View Controllers";
			sourceTree = "<group>";
		};
		303F1326F06A57A3D7B77B66 /* Pods */ = {
			isa = PBXGroup;
			children = (
				86C4BA82C0736195F916DCAD /* Pods-Recipes.debug.xcconfig */,
				458FA3514571608031B55467 /* Pods-Recipes.release.xcconfig */,
			);
			name = Pods;
			sourceTree = "<group>";
		};
		3A2411DEC22AB631AC3AD038 /* Frameworks */ = {
			isa = PBXGroup;
			children = (
				5BD9A5878C0D5B80AE3EDF7D /* Pods_Recipes.framework */,
			);
			name = Frameworks;
			sourceTree = "<group>";
		};
		45C99F131CC532250021AA3A /* Profile */ = {
			isa = PBXGroup;
			children = (
				450BB3191CA218B6001DC54A /* ProfileViewController.swift */,
				2A1AB5861CB330D600F29479 /* EditProfileViewController.swift */,
				2AC5C52B1CC56C2700DCC91E /* PostersProfileViewController.swift */,
			);
			name = Profile;
			sourceTree = "<group>";
		};
		45C99F141CC5323C0021AA3A /* Recipe */ = {
			isa = PBXGroup;
			children = (
				0A6F10C21CC4595C00D71378 /* RecipeViewController.swift */,
				2A55292D1CA2090F00FF70F7 /* RecipeDetailViewController.swift */,
				45E556801CA37C35006CBC1A /* AddRecipeViewController.swift */,
				0A6F10C41CC4596900D71378 /* FiltersTableViewController.swift */,
			);
			name = Recipe;
			sourceTree = "<group>";
		};
		45C99F151CC532490021AA3A /* Challenge */ = {
			isa = PBXGroup;
			children = (
				0A90C1FA1CAB056C006EB275 /* ChallengeViewController.swift */,
				0A90C2011CAB0AFA006EB275 /* ChallengeDetailViewController.swift */,
				0AEE87931CAB463900390692 /* AddChallengeViewController.swift */,
			);
			name = Challenge;
			sourceTree = "<group>";
		};
		45C99F161CC532500021AA3A /* Favorite */ = {
			isa = PBXGroup;
			children = (
				4553D7191CAE53A800F9361E /* FavoriteViewController.swift */,
			);
			name = Favorite;
			sourceTree = "<group>";
		};
/* End PBXGroup section */

/* Begin PBXNativeTarget section */
		2A596E661C98D092006021CE /* Recipes */ = {
			isa = PBXNativeTarget;
			buildConfigurationList = 2A596E791C98D093006021CE /* Build configuration list for PBXNativeTarget "Recipes" */;
			buildPhases = (
				C6105909D537BAAB0BB75995 /* Check Pods Manifest.lock */,
				2A596E631C98D092006021CE /* Sources */,
				2A596E641C98D092006021CE /* Frameworks */,
				2A596E651C98D092006021CE /* Resources */,
				1A253C6C6E8ABDE86170FDDC /* Embed Pods Frameworks */,
				2AAD8DD9A1C68A147DF96082 /* Copy Pods Resources */,
			);
			buildRules = (
			);
			dependencies = (
			);
			name = Recipes;
			productName = Recipes;
			productReference = 2A596E671C98D093006021CE /* Recipes.app */;
			productType = "com.apple.product-type.application";
		};
/* End PBXNativeTarget section */

/* Begin PBXProject section */
		2A596E5F1C98D092006021CE /* Project object */ = {
			isa = PBXProject;
			attributes = {
				LastSwiftUpdateCheck = 0720;
				LastUpgradeCheck = 0720;
				ORGANIZATIONNAME = CodepathGroupProject;
				TargetAttributes = {
					2A596E661C98D092006021CE = {
						CreatedOnToolsVersion = 7.2;
					};
				};
			};
			buildConfigurationList = 2A596E621C98D092006021CE /* Build configuration list for PBXProject "Recipes" */;
			compatibilityVersion = "Xcode 3.2";
			developmentRegion = English;
			hasScannedForEncodings = 0;
			knownRegions = (
				en,
				Base,
			);
			mainGroup = 2A596E5E1C98D092006021CE;
			productRefGroup = 2A596E681C98D093006021CE /* Products */;
			projectDirPath = "";
			projectRoot = "";
			targets = (
				2A596E661C98D092006021CE /* Recipes */,
			);
		};
/* End PBXProject section */

/* Begin PBXResourcesBuildPhase section */
		2A596E651C98D092006021CE /* Resources */ = {
			isa = PBXResourcesBuildPhase;
			buildActionMask = 2147483647;
			files = (
				455F550E1CC2EC1D00018D48 /* Challenge.storyboard in Resources */,
				0AEE87901CAB425400390692 /* Main.storyboard in Resources */,
				0A6F10C91CC45B2A00D71378 /* Recipes.storyboard in Resources */,
				455F55101CC2ECC900018D48 /* Favorite.storyboard in Resources */,
				455F550A1CC2E9DE00018D48 /* Profile.storyboard in Resources */,
				2A596E751C98D093006021CE /* LaunchScreen.storyboard in Resources */,
				2A596E721C98D093006021CE /* Assets.xcassets in Resources */,
			);
			runOnlyForDeploymentPostprocessing = 0;
		};
/* End PBXResourcesBuildPhase section */

/* Begin PBXShellScriptBuildPhase section */
		1A253C6C6E8ABDE86170FDDC /* Embed Pods Frameworks */ = {
			isa = PBXShellScriptBuildPhase;
			buildActionMask = 2147483647;
			files = (
			);
			inputPaths = (
			);
			name = "Embed Pods Frameworks";
			outputPaths = (
			);
			runOnlyForDeploymentPostprocessing = 0;
			shellPath = /bin/sh;
			shellScript = "\"${SRCROOT}/Pods/Target Support Files/Pods-Recipes/Pods-Recipes-frameworks.sh\"\n";
			showEnvVarsInLog = 0;
		};
		2AAD8DD9A1C68A147DF96082 /* Copy Pods Resources */ = {
			isa = PBXShellScriptBuildPhase;
			buildActionMask = 2147483647;
			files = (
			);
			inputPaths = (
			);
			name = "Copy Pods Resources";
			outputPaths = (
			);
			runOnlyForDeploymentPostprocessing = 0;
			shellPath = /bin/sh;
			shellScript = "\"${SRCROOT}/Pods/Target Support Files/Pods-Recipes/Pods-Recipes-resources.sh\"\n";
			showEnvVarsInLog = 0;
		};
		C6105909D537BAAB0BB75995 /* Check Pods Manifest.lock */ = {
			isa = PBXShellScriptBuildPhase;
			buildActionMask = 2147483647;
			files = (
			);
			inputPaths = (
			);
			name = "Check Pods Manifest.lock";
			outputPaths = (
			);
			runOnlyForDeploymentPostprocessing = 0;
			shellPath = /bin/sh;
			shellScript = "diff \"${PODS_ROOT}/../Podfile.lock\" \"${PODS_ROOT}/Manifest.lock\" > /dev/null\nif [[ $? != 0 ]] ; then\n    cat << EOM\nerror: The sandbox is not in sync with the Podfile.lock. Run 'pod install' or update your CocoaPods installation.\nEOM\n    exit 1\nfi\n";
			showEnvVarsInLog = 0;
		};
/* End PBXShellScriptBuildPhase section */

/* Begin PBXSourcesBuildPhase section */
		2A596E631C98D092006021CE /* Sources */ = {
			isa = PBXSourcesBuildPhase;
			buildActionMask = 2147483647;
			files = (
				45E556811CA37C35006CBC1A /* AddRecipeViewController.swift in Sources */,
				0A90C1FB1CAB056C006EB275 /* ChallengeViewController.swift in Sources */,
				0A6F10C31CC4595C00D71378 /* RecipeViewController.swift in Sources */,
				0A90C1FE1CAB05F8006EB275 /* ChallengeCell.swift in Sources */,
				0A90C2021CAB0AFA006EB275 /* ChallengeDetailViewController.swift in Sources */,
				0A6F10C11CC4594100D71378 /* TabBarViewController.swift in Sources */,
				4553D71A1CAE53A800F9361E /* FavoriteViewController.swift in Sources */,
				450BB31A1CA218B7001DC54A /* ProfileViewController.swift in Sources */,
				0A90C2001CAB0661006EB275 /* Challenge.swift in Sources */,
				2A1AB5871CB330D600F29479 /* EditProfileViewController.swift in Sources */,
				0A0D58101CA47A3E005B37EB /* RecipeCell.swift in Sources */,
				45B607011CC412A300C1AE17 /* CollectionCell.swift in Sources */,
				0AEE87941CAB463900390692 /* AddChallengeViewController.swift in Sources */,
				0A0D580D1CA3663F005B37EB /* Recipe.swift in Sources */,
				0A4089081C9A098400C833FD /* LoginViewController.swift in Sources */,
				451C4E891CAC27FD00FFD4AD /* Post.swift in Sources */,
				0A6F10C51CC4596900D71378 /* FiltersTableViewController.swift in Sources */,
				2A55292E1CA2090F00FF70F7 /* RecipeDetailViewController.swift in Sources */,
				0A5313641CAB381700899621 /* ParseHelper.swift in Sources */,
				2AC5C52C1CC56C2800DCC91E /* PostersProfileViewController.swift in Sources */,
				2A596E6B1C98D093006021CE /* AppDelegate.swift in Sources */,
				2A572C7F1CAB576000B0E0EB /* ProfileCell.swift in Sources */,
				4553D7181CAE535F00F9361E /* FavoriteCell.swift in Sources */,
			);
			runOnlyForDeploymentPostprocessing = 0;
		};
/* End PBXSourcesBuildPhase section */

/* Begin PBXVariantGroup section */
		2A596E731C98D093006021CE /* LaunchScreen.storyboard */ = {
			isa = PBXVariantGroup;
			children = (
				2A596E741C98D093006021CE /* Base */,
			);
			name = LaunchScreen.storyboard;
			sourceTree = "<group>";
		};
/* End PBXVariantGroup section */

/* Begin XCBuildConfiguration section */
		2A596E771C98D093006021CE /* Debug */ = {
			isa = XCBuildConfiguration;
			buildSettings = {
				ALWAYS_SEARCH_USER_PATHS = NO;
				CLANG_CXX_LANGUAGE_STANDARD = "gnu++0x";
				CLANG_CXX_LIBRARY = "libc++";
				CLANG_ENABLE_MODULES = YES;
				CLANG_ENABLE_OBJC_ARC = YES;
				CLANG_WARN_BOOL_CONVERSION = YES;
				CLANG_WARN_CONSTANT_CONVERSION = YES;
				CLANG_WARN_DIRECT_OBJC_ISA_USAGE = YES_ERROR;
				CLANG_WARN_EMPTY_BODY = YES;
				CLANG_WARN_ENUM_CONVERSION = YES;
				CLANG_WARN_INT_CONVERSION = YES;
				CLANG_WARN_OBJC_ROOT_CLASS = YES_ERROR;
				CLANG_WARN_UNREACHABLE_CODE = YES;
				CLANG_WARN__DUPLICATE_METHOD_MATCH = YES;
				"CODE_SIGN_IDENTITY[sdk=iphoneos*]" = "iPhone Developer";
				COPY_PHASE_STRIP = NO;
				DEBUG_INFORMATION_FORMAT = dwarf;
				ENABLE_STRICT_OBJC_MSGSEND = YES;
				ENABLE_TESTABILITY = YES;
				GCC_C_LANGUAGE_STANDARD = gnu99;
				GCC_DYNAMIC_NO_PIC = NO;
				GCC_NO_COMMON_BLOCKS = YES;
				GCC_OPTIMIZATION_LEVEL = 0;
				GCC_PREPROCESSOR_DEFINITIONS = (
					"DEBUG=1",
					"$(inherited)",
				);
				GCC_WARN_64_TO_32_BIT_CONVERSION = YES;
				GCC_WARN_ABOUT_RETURN_TYPE = YES_ERROR;
				GCC_WARN_UNDECLARED_SELECTOR = YES;
				GCC_WARN_UNINITIALIZED_AUTOS = YES_AGGRESSIVE;
				GCC_WARN_UNUSED_FUNCTION = YES;
				GCC_WARN_UNUSED_VARIABLE = YES;
				IPHONEOS_DEPLOYMENT_TARGET = 9.2;
				MTL_ENABLE_DEBUG_INFO = YES;
				ONLY_ACTIVE_ARCH = YES;
				SDKROOT = iphoneos;
				SWIFT_OPTIMIZATION_LEVEL = "-Onone";
				TARGETED_DEVICE_FAMILY = "1,2";
			};
			name = Debug;
		};
		2A596E781C98D093006021CE /* Release */ = {
			isa = XCBuildConfiguration;
			buildSettings = {
				ALWAYS_SEARCH_USER_PATHS = NO;
				CLANG_CXX_LANGUAGE_STANDARD = "gnu++0x";
				CLANG_CXX_LIBRARY = "libc++";
				CLANG_ENABLE_MODULES = YES;
				CLANG_ENABLE_OBJC_ARC = YES;
				CLANG_WARN_BOOL_CONVERSION = YES;
				CLANG_WARN_CONSTANT_CONVERSION = YES;
				CLANG_WARN_DIRECT_OBJC_ISA_USAGE = YES_ERROR;
				CLANG_WARN_EMPTY_BODY = YES;
				CLANG_WARN_ENUM_CONVERSION = YES;
				CLANG_WARN_INT_CONVERSION = YES;
				CLANG_WARN_OBJC_ROOT_CLASS = YES_ERROR;
				CLANG_WARN_UNREACHABLE_CODE = YES;
				CLANG_WARN__DUPLICATE_METHOD_MATCH = YES;
				"CODE_SIGN_IDENTITY[sdk=iphoneos*]" = "iPhone Developer";
				COPY_PHASE_STRIP = NO;
				DEBUG_INFORMATION_FORMAT = "dwarf-with-dsym";
				ENABLE_NS_ASSERTIONS = NO;
				ENABLE_STRICT_OBJC_MSGSEND = YES;
				GCC_C_LANGUAGE_STANDARD = gnu99;
				GCC_NO_COMMON_BLOCKS = YES;
				GCC_WARN_64_TO_32_BIT_CONVERSION = YES;
				GCC_WARN_ABOUT_RETURN_TYPE = YES_ERROR;
				GCC_WARN_UNDECLARED_SELECTOR = YES;
				GCC_WARN_UNINITIALIZED_AUTOS = YES_AGGRESSIVE;
				GCC_WARN_UNUSED_FUNCTION = YES;
				GCC_WARN_UNUSED_VARIABLE = YES;
				IPHONEOS_DEPLOYMENT_TARGET = 9.2;
				MTL_ENABLE_DEBUG_INFO = NO;
				SDKROOT = iphoneos;
				TARGETED_DEVICE_FAMILY = "1,2";
				VALIDATE_PRODUCT = YES;
			};
			name = Release;
		};
		2A596E7A1C98D093006021CE /* Debug */ = {
			isa = XCBuildConfiguration;
			baseConfigurationReference = 86C4BA82C0736195F916DCAD /* Pods-Recipes.debug.xcconfig */;
			buildSettings = {
				ASSETCATALOG_COMPILER_APPICON_NAME = AppIcon;
				INFOPLIST_FILE = Recipes/Info.plist;
				IPHONEOS_DEPLOYMENT_TARGET = 9.2;
				LD_RUNPATH_SEARCH_PATHS = "$(inherited) @executable_path/Frameworks";
				PRODUCT_BUNDLE_IDENTIFIER = com.CodepathGroupProject.Recipes;
				PRODUCT_NAME = "$(TARGET_NAME)";
			};
			name = Debug;
		};
		2A596E7B1C98D093006021CE /* Release */ = {
			isa = XCBuildConfiguration;
			baseConfigurationReference = 458FA3514571608031B55467 /* Pods-Recipes.release.xcconfig */;
			buildSettings = {
				ASSETCATALOG_COMPILER_APPICON_NAME = AppIcon;
				INFOPLIST_FILE = Recipes/Info.plist;
				IPHONEOS_DEPLOYMENT_TARGET = 9.2;
				LD_RUNPATH_SEARCH_PATHS = "$(inherited) @executable_path/Frameworks";
				PRODUCT_BUNDLE_IDENTIFIER = com.CodepathGroupProject.Recipes;
				PRODUCT_NAME = "$(TARGET_NAME)";
			};
			name = Release;
		};
/* End XCBuildConfiguration section */

/* Begin XCConfigurationList section */
		2A596E621C98D092006021CE /* Build configuration list for PBXProject "Recipes" */ = {
			isa = XCConfigurationList;
			buildConfigurations = (
				2A596E771C98D093006021CE /* Debug */,
				2A596E781C98D093006021CE /* Release */,
			);
			defaultConfigurationIsVisible = 0;
			defaultConfigurationName = Release;
		};
		2A596E791C98D093006021CE /* Build configuration list for PBXNativeTarget "Recipes" */ = {
			isa = XCConfigurationList;
			buildConfigurations = (
				2A596E7A1C98D093006021CE /* Debug */,
				2A596E7B1C98D093006021CE /* Release */,
			);
			defaultConfigurationIsVisible = 0;
			defaultConfigurationName = Release;
		};
/* End XCConfigurationList section */
	};
	rootObject = 2A596E5F1C98D092006021CE /* Project object */;
}
